
Microsoft Visual Studio Solution File, Format Version 12.00
# Visual Studio Version 16
VisualStudioVersion = 16.0.30104.148
MinimumVisualStudioVersion = 10.0.40219.1
Project("{FAE04EC0-301F-11D3-BF4B-00C04F79EFBC}") = "LittleProject", "LittleProject\LittleProject.csproj", "{2FC871B3-6F12-4607-AF75-26898EF726A2}"
EndProject
Global
	GlobalSection(SolutionConfigurationPlatforms) = preSolution
		Debug|Any CPU = Debug|Any CPU
		Release|Any CPU = Release|Any CPU
	EndGlobalSection
	GlobalSection(ProjectConfigurationPlatforms) = postSolution
		{2FC871B3-6F12-4607-AF75-26898EF726A2}.Debug|Any CPU.ActiveCfg = Debug|Any CPU
		{2FC871B3-6F12-4607-AF75-26898EF726A2}.Debug|Any CPU.Build.0 = Debug|Any CPU
		{2FC871B3-6F12-4607-AF75-26898EF726A2}.Release|Any CPU.ActiveCfg = Release|Any CPU
		{2FC871B3-6F12-4607-AF75-26898EF726A2}.Release|Any CPU.Build.0 = Release|Any CPU
	EndGlobalSection
	GlobalSection(SolutionProperties) = preSolution
		HideSolutionNode = FALSE
	EndGlobalSection
	GlobalSection(ExtensibilityGlobals) = postSolution
		SolutionGuid = {87F40F5E-DC0A-4F78-A390-C7EEFE321D8C}
	EndGlobalSection
EndGlobal
